
Microsoft Visual Studio Solution File, Format Version 12.00
# Visual Studio Version 17
VisualStudioVersion = 17.0.31903.59
MinimumVisualStudioVersion = 10.0.40219.1
Project("{9A19103F-16F7-4668-BE54-9A1E7A4F7556}") = "WpfCallbackInheritance", "CallbackInheritance\WpfCallbackInheritance.csproj", "{D2BD264C-A2AF-452A-BDC5-4D0E009E8665}"
EndProject
Project("{9A19103F-16F7-4668-BE54-9A1E7A4F7556}") = "OverrideMetadata", "OverrideMetadata\OverrideMetadata.csproj", "{B68DEAC2-3CCE-4490-8038-6C962BC59EFC}"
EndProject
Project("{9A19103F-16F7-4668-BE54-9A1E7A4F7556}") = "CallbackOrder", "CallbackOrder\CallbackOrder.csproj", "{E8E2D36F-9ABC-42E0-82A3-09371DE5EE41}"
EndProject
Project("{9A19103F-16F7-4668-BE54-9A1E7A4F7556}") = "OverrideMetadataFlags", "OverrideMetadataFlags\OverrideMetadataFlags.csproj", "{4302FC6C-2998-4733-919E-CAF80E83C60D}"
EndProject
Project("{9A19103F-16F7-4668-BE54-9A1E7A4F7556}") = "CallbackInheritanceMerge", "CallbackInheritanceMerge\CallbackInheritanceMerge.csproj", "{B225DCAE-4FF7-40AC-BEE4-1335E189443E}"
EndProject
Project("{9A19103F-16F7-4668-BE54-9A1E7A4F7556}") = "CallbackAddOwnerInherit", "CallbackAddOwnerInherit\CallbackAddOwnerInherit.csproj", "{4E1A489B-E2E7-4C3B-AC41-2C2E49F5B754}"
EndProject
Project("{9A19103F-16F7-4668-BE54-9A1E7A4F7556}") = "CallbackOverrideInherit", "CallbackOverrideInherit\CallbackOverrideInherit.csproj", "{F819F8AE-BF6C-4399-9689-DAE085DD420B}"
EndProject
Project("{9A19103F-16F7-4668-BE54-9A1E7A4F7556}") = "ChangeMetadataFlags", "ChangeMetadataFlags\ChangeMetadataFlags.csproj", "{49A3C0A3-008C-433B-831E-A6C95090DF8A}"
EndProject
Project("{9A19103F-16F7-4668-BE54-9A1E7A4F7556}") = "CastMetadata", "CastMetadata\CastMetadata.csproj", "{BE81140E-FA99-4218-8314-1D4AA2865581}"
EndProject
Project("{9A19103F-16F7-4668-BE54-9A1E7A4F7556}") = "OverrideFrameworkMetadataFlags", "OverrideMetadataFlags2\OverrideFrameworkMetadataFlags.csproj", "{E128398E-4EB6-4E86-896B-6AF99352524B}"
EndProject
Project("{9A19103F-16F7-4668-BE54-9A1E7A4F7556}") = "ReadOnlySecurity", "ReadOnlySecurity\ReadOnlySecurity.csproj", "{2B92B247-B4C8-45EC-9EB5-DE25E4D271E7}"
EndProject
Project("{9A19103F-16F7-4668-BE54-9A1E7A4F7556}") = "DepObjectsAndVirtualMethods", "DepObjectsAndVirtualMethods\DepObjectsAndVirtualMethods.csproj", "{D4CB72E1-C050-40E7-A75B-D8D01641E2C2}"
EndProject
Project("{9A19103F-16F7-4668-BE54-9A1E7A4F7556}") = "DepObjectsAndVirtualMethods2", "DepObjectsAndVirtualMethods2\DepObjectsAndVirtualMethods2.csproj", "{3412778D-9656-4E23-A713-7B4D451F8E38}"
EndProject
Project("{9A19103F-16F7-4668-BE54-9A1E7A4F7556}") = "CallbackInheritanceVirtual", "CallbackInheritanceVirtual\CallbackInheritanceVirtual.csproj", "{6E0CB523-0DC1-4854-8295-617D20F4E73F}"
EndProject
Project("{9A19103F-16F7-4668-BE54-9A1E7A4F7556}") = "SafeInheritanceSnippet1", "SafeInheritanceSnippet1\SafeInheritanceSnippet1.csproj", "{A3DDD7A7-243F-4051-BCB1-20921ED2B7CF}"
EndProject
Project("{9A19103F-16F7-4668-BE54-9A1E7A4F7556}") = "SafeInheritanceSnippet2", "SafeInheritanceSnippet2\SafeInheritanceSnippet2.csproj", "{0C044BBF-FCB6-4123-8BEB-F74B894C807C}"
EndProject
Global
	GlobalSection(SolutionConfigurationPlatforms) = preSolution
		Debug|Any CPU = Debug|Any CPU
		Release|Any CPU = Release|Any CPU
	EndGlobalSection
	GlobalSection(ProjectConfigurationPlatforms) = postSolution
		{D2BD264C-A2AF-452A-BDC5-4D0E009E8665}.Debug|Any CPU.ActiveCfg = Debug|Any CPU
		{D2BD264C-A2AF-452A-BDC5-4D0E009E8665}.Debug|Any CPU.Build.0 = Debug|Any CPU
		{D2BD264C-A2AF-452A-BDC5-4D0E009E8665}.Release|Any CPU.ActiveCfg = Release|Any CPU
		{D2BD264C-A2AF-452A-BDC5-4D0E009E8665}.Release|Any CPU.Build.0 = Release|Any CPU
		{B68DEAC2-3CCE-4490-8038-6C962BC59EFC}.Debug|Any CPU.ActiveCfg = Debug|Any CPU
		{B68DEAC2-3CCE-4490-8038-6C962BC59EFC}.Debug|Any CPU.Build.0 = Debug|Any CPU
		{B68DEAC2-3CCE-4490-8038-6C962BC59EFC}.Release|Any CPU.ActiveCfg = Release|Any CPU
		{B68DEAC2-3CCE-4490-8038-6C962BC59EFC}.Release|Any CPU.Build.0 = Release|Any CPU
		{E8E2D36F-9ABC-42E0-82A3-09371DE5EE41}.Debug|Any CPU.ActiveCfg = Debug|Any CPU
		{E8E2D36F-9ABC-42E0-82A3-09371DE5EE41}.Debug|Any CPU.Build.0 = Debug|Any CPU
		{E8E2D36F-9ABC-42E0-82A3-09371DE5EE41}.Release|Any CPU.ActiveCfg = Release|Any CPU
		{E8E2D36F-9ABC-42E0-82A3-09371DE5EE41}.Release|Any CPU.Build.0 = Release|Any CPU
		{4302FC6C-2998-4733-919E-CAF80E83C60D}.Debug|Any CPU.ActiveCfg = Debug|Any CPU
		{4302FC6C-2998-4733-919E-CAF80E83C60D}.Debug|Any CPU.Build.0 = Debug|Any CPU
		{4302FC6C-2998-4733-919E-CAF80E83C60D}.Release|Any CPU.ActiveCfg = Release|Any CPU
		{4302FC6C-2998-4733-919E-CAF80E83C60D}.Release|Any CPU.Build.0 = Release|Any CPU
		{B225DCAE-4FF7-40AC-BEE4-1335E189443E}.Debug|Any CPU.ActiveCfg = Debug|Any CPU
		{B225DCAE-4FF7-40AC-BEE4-1335E189443E}.Debug|Any CPU.Build.0 = Debug|Any CPU
		{B225DCAE-4FF7-40AC-BEE4-1335E189443E}.Release|Any CPU.ActiveCfg = Release|Any CPU
		{B225DCAE-4FF7-40AC-BEE4-1335E189443E}.Release|Any CPU.Build.0 = Release|Any CPU
		{4E1A489B-E2E7-4C3B-AC41-2C2E49F5B754}.Debug|Any CPU.ActiveCfg = Debug|Any CPU
		{4E1A489B-E2E7-4C3B-AC41-2C2E49F5B754}.Debug|Any CPU.Build.0 = Debug|Any CPU
		{4E1A489B-E2E7-4C3B-AC41-2C2E49F5B754}.Release|Any CPU.ActiveCfg = Release|Any CPU
		{4E1A489B-E2E7-4C3B-AC41-2C2E49F5B754}.Release|Any CPU.Build.0 = Release|Any CPU
		{F819F8AE-BF6C-4399-9689-DAE085DD420B}.Debug|Any CPU.ActiveCfg = Debug|Any CPU
		{F819F8AE-BF6C-4399-9689-DAE085DD420B}.Debug|Any CPU.Build.0 = Debug|Any CPU
		{F819F8AE-BF6C-4399-9689-DAE085DD420B}.Release|Any CPU.ActiveCfg = Release|Any CPU
		{F819F8AE-BF6C-4399-9689-DAE085DD420B}.Release|Any CPU.Build.0 = Release|Any CPU
		{49A3C0A3-008C-433B-831E-A6C95090DF8A}.Debug|Any CPU.ActiveCfg = Debug|Any CPU
		{49A3C0A3-008C-433B-831E-A6C95090DF8A}.Debug|Any CPU.Build.0 = Debug|Any CPU
		{49A3C0A3-008C-433B-831E-A6C95090DF8A}.Release|Any CPU.ActiveCfg = Release|Any CPU
		{49A3C0A3-008C-433B-831E-A6C95090DF8A}.Release|Any CPU.Build.0 = Release|Any CPU
		{BE81140E-FA99-4218-8314-1D4AA2865581}.Debug|Any CPU.ActiveCfg = Debug|Any CPU
		{BE81140E-FA99-4218-8314-1D4AA2865581}.Debug|Any CPU.Build.0 = Debug|Any CPU
		{BE81140E-FA99-4218-8314-1D4AA2865581}.Release|Any CPU.ActiveCfg = Release|Any CPU
		{BE81140E-FA99-4218-8314-1D4AA2865581}.Release|Any CPU.Build.0 = Release|Any CPU
		{E128398E-4EB6-4E86-896B-6AF99352524B}.Debug|Any CPU.ActiveCfg = Debug|Any CPU
		{E128398E-4EB6-4E86-896B-6AF99352524B}.Debug|Any CPU.Build.0 = Debug|Any CPU
		{E128398E-4EB6-4E86-896B-6AF99352524B}.Release|Any CPU.ActiveCfg = Release|Any CPU
		{E128398E-4EB6-4E86-896B-6AF99352524B}.Release|Any CPU.Build.0 = Release|Any CPU
		{2B92B247-B4C8-45EC-9EB5-DE25E4D271E7}.Debug|Any CPU.ActiveCfg = Debug|Any CPU
		{2B92B247-B4C8-45EC-9EB5-DE25E4D271E7}.Debug|Any CPU.Build.0 = Debug|Any CPU
		{2B92B247-B4C8-45EC-9EB5-DE25E4D271E7}.Release|Any CPU.ActiveCfg = Release|Any CPU
		{2B92B247-B4C8-45EC-9EB5-DE25E4D271E7}.Release|Any CPU.Build.0 = Release|Any CPU
		{D4CB72E1-C050-40E7-A75B-D8D01641E2C2}.Debug|Any CPU.ActiveCfg = Debug|Any CPU
		{D4CB72E1-C050-40E7-A75B-D8D01641E2C2}.Debug|Any CPU.Build.0 = Debug|Any CPU
		{D4CB72E1-C050-40E7-A75B-D8D01641E2C2}.Release|Any CPU.ActiveCfg = Release|Any CPU
		{D4CB72E1-C050-40E7-A75B-D8D01641E2C2}.Release|Any CPU.Build.0 = Release|Any CPU
		{3412778D-9656-4E23-A713-7B4D451F8E38}.Debug|Any CPU.ActiveCfg = Debug|Any CPU
		{3412778D-9656-4E23-A713-7B4D451F8E38}.Debug|Any CPU.Build.0 = Debug|Any CPU
		{3412778D-9656-4E23-A713-7B4D451F8E38}.Release|Any CPU.ActiveCfg = Release|Any CPU
		{3412778D-9656-4E23-A713-7B4D451F8E38}.Release|Any CPU.Build.0 = Release|Any CPU
		{6E0CB523-0DC1-4854-8295-617D20F4E73F}.Debug|Any CPU.ActiveCfg = Debug|Any CPU
		{6E0CB523-0DC1-4854-8295-617D20F4E73F}.Debug|Any CPU.Build.0 = Debug|Any CPU
		{6E0CB523-0DC1-4854-8295-617D20F4E73F}.Release|Any CPU.ActiveCfg = Release|Any CPU
		{6E0CB523-0DC1-4854-8295-617D20F4E73F}.Release|Any CPU.Build.0 = Release|Any CPU
		{A3DDD7A7-243F-4051-BCB1-20921ED2B7CF}.Debug|Any CPU.ActiveCfg = Debug|Any CPU
		{A3DDD7A7-243F-4051-BCB1-20921ED2B7CF}.Debug|Any CPU.Build.0 = Debug|Any CPU
		{A3DDD7A7-243F-4051-BCB1-20921ED2B7CF}.Release|Any CPU.ActiveCfg = Release|Any CPU
		{A3DDD7A7-243F-4051-BCB1-20921ED2B7CF}.Release|Any CPU.Build.0 = Release|Any CPU
		{0C044BBF-FCB6-4123-8BEB-F74B894C807C}.Debug|Any CPU.ActiveCfg = Debug|Any CPU
		{0C044BBF-FCB6-4123-8BEB-F74B894C807C}.Debug|Any CPU.Build.0 = Debug|Any CPU
		{0C044BBF-FCB6-4123-8BEB-F74B894C807C}.Release|Any CPU.ActiveCfg = Release|Any CPU
		{0C044BBF-FCB6-4123-8BEB-F74B894C807C}.Release|Any CPU.Build.0 = Release|Any CPU
	EndGlobalSection
	GlobalSection(SolutionProperties) = preSolution
		HideSolutionNode = FALSE
	EndGlobalSection
	GlobalSection(ExtensibilityGlobals) = postSolution
		SolutionGuid = {10980D37-366F-45DB-B17E-9A3788B65EAA}
	EndGlobalSection
EndGlobal
