
Microsoft Visual Studio Solution File, Format Version 12.00
# Visual Studio Version 17
VisualStudioVersion = 17.0.31903.59
MinimumVisualStudioVersion = 10.0.40219.1
Project("{9A19103F-16F7-4668-BE54-9A1E7A4F7556}") = "WpfCallbackInheritance", "CallbackInheritance\WpfCallbackInheritance.csproj", "{D2BD264C-A2AF-452A-BDC5-4D0E009E8665}"
EndProject
Project("{9A19103F-16F7-4668-BE54-9A1E7A4F7556}") = "OverrideMetadata", "OverrideMetadata\OverrideMetadata.csproj", "{B68DEAC2-3CCE-4490-8038-6C962BC59EFC}"
EndProject
Project("{9A19103F-16F7-4668-BE54-9A1E7A4F7556}") = "CallbackOrder", "CallbackOrder\CallbackOrder.csproj", "{E8E2D36F-9ABC-42E0-82A3-09371DE5EE41}"
EndProject
Project("{9A19103F-16F7-4668-BE54-9A1E7A4F7556}") = "OverrideMetadataFlags", "OverrideMetadataFlags\OverrideMetadataFlags.csproj", "{4302FC6C-2998-4733-919E-CAF80E83C60D}"
EndProject
Project("{9A19103F-16F7-4668-BE54-9A1E7A4F7556}") = "CallbackInheritanceMerge", "CallbackInheritanceMerge\CallbackInheritanceMerge.csproj", "{B225DCAE-4FF7-40AC-BEE4-1335E189443E}"
EndProject
Project("{9A19103F-16F7-4668-BE54-9A1E7A4F7556}") = "CallbackOverrideInherit", "CallbackInheritanceInherit\CallbackOverrideInherit.csproj", "{3A8CD772-A57A-4884-8EFF-DB571CB250D0}"
EndProject
Project("{9A19103F-16F7-4668-BE54-9A1E7A4F7556}") = "CallbackAddOwnerInherit", "CallbackAddOwnerInherit\CallbackAddOwnerInherit.csproj", "{4E1A489B-E2E7-4C3B-AC41-2C2E49F5B754}"
EndProject
Global
	GlobalSection(SolutionConfigurationPlatforms) = preSolution
		Debug|Any CPU = Debug|Any CPU
		Release|Any CPU = Release|Any CPU
	EndGlobalSection
	GlobalSection(ProjectConfigurationPlatforms) = postSolution
		{D2BD264C-A2AF-452A-BDC5-4D0E009E8665}.Debug|Any CPU.ActiveCfg = Debug|Any CPU
		{D2BD264C-A2AF-452A-BDC5-4D0E009E8665}.Debug|Any CPU.Build.0 = Debug|Any CPU
		{D2BD264C-A2AF-452A-BDC5-4D0E009E8665}.Release|Any CPU.ActiveCfg = Release|Any CPU
		{D2BD264C-A2AF-452A-BDC5-4D0E009E8665}.Release|Any CPU.Build.0 = Release|Any CPU
		{B68DEAC2-3CCE-4490-8038-6C962BC59EFC}.Debug|Any CPU.ActiveCfg = Debug|Any CPU
		{B68DEAC2-3CCE-4490-8038-6C962BC59EFC}.Debug|Any CPU.Build.0 = Debug|Any CPU
		{B68DEAC2-3CCE-4490-8038-6C962BC59EFC}.Release|Any CPU.ActiveCfg = Release|Any CPU
		{B68DEAC2-3CCE-4490-8038-6C962BC59EFC}.Release|Any CPU.Build.0 = Release|Any CPU
		{E8E2D36F-9ABC-42E0-82A3-09371DE5EE41}.Debug|Any CPU.ActiveCfg = Debug|Any CPU
		{E8E2D36F-9ABC-42E0-82A3-09371DE5EE41}.Debug|Any CPU.Build.0 = Debug|Any CPU
		{E8E2D36F-9ABC-42E0-82A3-09371DE5EE41}.Release|Any CPU.ActiveCfg = Release|Any CPU
		{E8E2D36F-9ABC-42E0-82A3-09371DE5EE41}.Release|Any CPU.Build.0 = Release|Any CPU
		{4302FC6C-2998-4733-919E-CAF80E83C60D}.Debug|Any CPU.ActiveCfg = Debug|Any CPU
		{4302FC6C-2998-4733-919E-CAF80E83C60D}.Debug|Any CPU.Build.0 = Debug|Any CPU
		{4302FC6C-2998-4733-919E-CAF80E83C60D}.Release|Any CPU.ActiveCfg = Release|Any CPU
		{4302FC6C-2998-4733-919E-CAF80E83C60D}.Release|Any CPU.Build.0 = Release|Any CPU
		{B225DCAE-4FF7-40AC-BEE4-1335E189443E}.Debug|Any CPU.ActiveCfg = Debug|Any CPU
		{B225DCAE-4FF7-40AC-BEE4-1335E189443E}.Debug|Any CPU.Build.0 = Debug|Any CPU
		{B225DCAE-4FF7-40AC-BEE4-1335E189443E}.Release|Any CPU.ActiveCfg = Release|Any CPU
		{B225DCAE-4FF7-40AC-BEE4-1335E189443E}.Release|Any CPU.Build.0 = Release|Any CPU
		{3A8CD772-A57A-4884-8EFF-DB571CB250D0}.Debug|Any CPU.ActiveCfg = Debug|Any CPU
		{3A8CD772-A57A-4884-8EFF-DB571CB250D0}.Debug|Any CPU.Build.0 = Debug|Any CPU
		{3A8CD772-A57A-4884-8EFF-DB571CB250D0}.Release|Any CPU.ActiveCfg = Release|Any CPU
		{3A8CD772-A57A-4884-8EFF-DB571CB250D0}.Release|Any CPU.Build.0 = Release|Any CPU
		{4E1A489B-E2E7-4C3B-AC41-2C2E49F5B754}.Debug|Any CPU.ActiveCfg = Debug|Any CPU
		{4E1A489B-E2E7-4C3B-AC41-2C2E49F5B754}.Debug|Any CPU.Build.0 = Debug|Any CPU
		{4E1A489B-E2E7-4C3B-AC41-2C2E49F5B754}.Release|Any CPU.ActiveCfg = Release|Any CPU
		{4E1A489B-E2E7-4C3B-AC41-2C2E49F5B754}.Release|Any CPU.Build.0 = Release|Any CPU
	EndGlobalSection
	GlobalSection(SolutionProperties) = preSolution
		HideSolutionNode = FALSE
	EndGlobalSection
	GlobalSection(ExtensibilityGlobals) = postSolution
		SolutionGuid = {10980D37-366F-45DB-B17E-9A3788B65EAA}
	EndGlobalSection
EndGlobal
